
Microsoft Visual Studio Solution File, Format Version 12.00
# Visual Studio 2017
Project("{FAE04EC0-301F-11D3-BF4B-00C04F79EFBC}") = "Multi_01", "Multi_01.csproj", "{3E2FBA17-B484-A837-9813-78BCE25DB9AB}"
EndProject
Project("{FAE04EC0-301F-11D3-BF4B-00C04F79EFBC}") = "Multi_01.Editor", "Multi_01.Editor.csproj", "{A4149751-8228-D769-59A5-1419A00AD200}"
EndProject
Global
	GlobalSection(SolutionConfigurationPlatforms) = preSolution
		Debug|Any CPU = Debug|Any CPU
		Release|Any CPU = Release|Any CPU
	EndGlobalSection
	GlobalSection(ProjectConfigurationPlatforms) = postSolution
		{3E2FBA17-B484-A837-9813-78BCE25DB9AB}.Debug|Any CPU.ActiveCfg = Debug|Any CPU
		{3E2FBA17-B484-A837-9813-78BCE25DB9AB}.Debug|Any CPU.Build.0 = Debug|Any CPU
		{3E2FBA17-B484-A837-9813-78BCE25DB9AB}.Release|Any CPU.ActiveCfg = Release|Any CPU
		{3E2FBA17-B484-A837-9813-78BCE25DB9AB}.Release|Any CPU.Build.0 = Release|Any CPU
		{A4149751-8228-D769-59A5-1419A00AD200}.Debug|Any CPU.ActiveCfg = Debug|Any CPU
		{A4149751-8228-D769-59A5-1419A00AD200}.Debug|Any CPU.Build.0 = Debug|Any CPU
		{A4149751-8228-D769-59A5-1419A00AD200}.Release|Any CPU.ActiveCfg = Release|Any CPU
		{A4149751-8228-D769-59A5-1419A00AD200}.Release|Any CPU.Build.0 = Release|Any CPU
	EndGlobalSection
	GlobalSection(SolutionProperties) = preSolution
		HideSolutionNode = FALSE
	EndGlobalSection
EndGlobal
